// !$*UTF8*$!
{
	archiveVersion = 1;
	classes = {
	};
	objectVersion = 77;
	objects = {

/* Begin PBXBuildFile section */
		429122AA2F237CEA00F9062D /* WCDBSwift in Frameworks */ = {isa = PBXBuildFile; productRef = 429122A92F237CEA00F9062D /* WCDBSwift */; };
/* End PBXBuildFile section */

/* Begin PBXContainerItemProxy section */
		421B2E782EE72E6400F921B7 /* PBXContainerItemProxy */ = {
			isa = PBXContainerItemProxy;
			containerPortal = 421B2E622EE72E6300F921B7 /* Project object */;
			proxyType = 1;
			remoteGlobalIDString = 421B2E692EE72E6300F921B7;
			remoteInfo = easyAI;
		};
		421B2E822EE72E6400F921B7 /* PBXContainerItemProxy */ = {
			isa = PBXContainerItemProxy;
			containerPortal = 421B2E622EE72E6300F921B7 /* Project object */;
			proxyType = 1;
			remoteGlobalIDString = 421B2E692EE72E6300F921B7;
			remoteInfo = easyAI;
		};
/* End PBXContainerItemProxy section */

/* Begin PBXFileReference section */
		421B2E6A2EE72E6300F921B7 /* easyAI.app */ = {isa = PBXFileReference; explicitFileType = wrapper.application; includeInIndex = 0; path = easyAI.app; sourceTree = BUILT_PRODUCTS_DIR; };
		421B2E772EE72E6400F921B7 /* easyAITests.xctest */ = {isa = PBXFileReference; explicitFileType = wrapper.cfbundle; includeInIndex = 0; path = easyAITests.xctest; sourceTree = BUILT_PRODUCTS_DIR; };
		421B2E812EE72E6400F921B7 /* easyAIUITests.xctest */ = {isa = PBXFileReference; explicitFileType = wrapper.cfbundle; includeInIndex = 0; path = easyAIUITests.xctest; sourceTree = BUILT_PRODUCTS_DIR; };
/* End PBXFileReference section */

/* Begin PBXFileSystemSynchronizedRootGroup section */
		421B2E6C2EE72E6300F921B7 /* easyAI */ = {
			isa = PBXFileSystemSynchronizedRootGroup;
			path = easyAI;
			sourceTree = "<group>";
		};
		421B2E7A2EE72E6400F921B7 /* easyAITests */ = {
			isa = PBXFileSystemSynchronizedRootGroup;
			path = easyAITests;
			sourceTree = "<group>";
		};
		421B2E842EE72E6400F921B7 /* easyAIUITests */ = {
			isa = PBXFileSystemSynchronizedRootGroup;
			path = easyAIUITests;
			sourceTree = "<group>";
		};
/* End PBXFileSystemSynchronizedRootGroup section */

/* Begin PBXFrameworksBuildPhase section */
		421B2E672EE72E6300F921B7 /* Frameworks */ = {
			isa = PBXFrameworksBuildPhase;
			buildActionMask = 2147483647;
			files = (
				429122AA2F237CEA00F9062D /* WCDBSwift in Frameworks */,
			);
			runOnlyForDeploymentPostprocessing = 0;
		};
		421B2E742EE72E6400F921B7 /* Frameworks */ = {
			isa = PBXFrameworksBuildPhase;
			buildActionMask = 2147483647;
			files = (
			);
			runOnlyForDeploymentPostprocessing = 0;
		};
		421B2E7E2EE72E6400F921B7 /* Frameworks */ = {
			isa = PBXFrameworksBuildPhase;
			buildActionMask = 2147483647;
			files = (
			);
			runOnlyForDeploymentPostprocessing = 0;
		};
/* End PBXFrameworksBuildPhase section */

/* Begin PBXGroup section */
		421B2E612EE72E6300F921B7 = {
			isa = PBXGroup;
			children = (
				421B2E6C2EE72E6300F921B7 /* easyAI */,
				421B2E7A2EE72E6400F921B7 /* easyAITests */,
				421B2E842EE72E6400F921B7 /* easyAIUITests */,
				429122A82F237CEA00F9062D /* Frameworks */,
				421B2E6B2EE72E6300F921B7 /* Products */,
			);
			sourceTree = "<group>";
		};
		421B2E6B2EE72E6300F921B7 /* Products */ = {
			isa = PBXGroup;
			children = (
				421B2E6A2EE72E6300F921B7 /* easyAI.app */,
				421B2E772EE72E6400F921B7 /* easyAITests.xctest */,
				421B2E812EE72E6400F921B7 /* easyAIUITests.xctest */,
			);
			name = Products;
			sourceTree = "<group>";
		};
		429122A82F237CEA00F9062D /* Frameworks */ = {
			isa = PBXGroup;
			children = (
			);
			name = Frameworks;
			sourceTree = "<group>";
		};
/* End PBXGroup section */

/* Begin PBXNativeTarget section */
		421B2E692EE72E6300F921B7 /* easyAI */ = {
			isa = PBXNativeTarget;
			buildConfigurationList = 421B2E8B2EE72E6400F921B7 /* Build configuration list for PBXNativeTarget "easyAI" */;
			buildPhases = (
				421B2E662EE72E6300F921B7 /* Sources */,
				421B2E672EE72E6300F921B7 /* Frameworks */,
				421B2E682EE72E6300F921B7 /* Resources */,
			);
			buildRules = (
			);
			dependencies = (
			);
			fileSystemSynchronizedGroups = (
				421B2E6C2EE72E6300F921B7 /* easyAI */,
			);
			name = easyAI;
			packageProductDependencies = (
				429122A92F237CEA00F9062D /* WCDBSwift */,
			);
			productName = easyAI;
			productReference = 421B2E6A2EE72E6300F921B7 /* easyAI.app */;
			productType = "com.apple.product-type.application";
		};
		421B2E762EE72E6400F921B7 /* easyAITests */ = {
			isa = PBXNativeTarget;
			buildConfigurationList = 421B2E8E2EE72E6400F921B7 /* Build configuration list for PBXNativeTarget "easyAITests" */;
			buildPhases = (
				421B2E732EE72E6400F921B7 /* Sources */,
				421B2E742EE72E6400F921B7 /* Frameworks */,
				421B2E752EE72E6400F921B7 /* Resources */,
			);
			buildRules = (
			);
			dependencies = (
				421B2E792EE72E6400F921B7 /* PBXTargetDependency */,
			);
			fileSystemSynchronizedGroups = (
				421B2E7A2EE72E6400F921B7 /* easyAITests */,
			);
			name = easyAITests;
			packageProductDependencies = (
			);
			productName = easyAITests;
			productReference = 421B2E772EE72E6400F921B7 /* easyAITests.xctest */;
			productType = "com.apple.product-type.bundle.unit-test";
		};
		421B2E802EE72E6400F921B7 /* easyAIUITests */ = {
			isa = PBXNativeTarget;
			buildConfigurationList = 421B2E912EE72E6400F921B7 /* Build configuration list for PBXNativeTarget "easyAIUITests" */;
			buildPhases = (
				421B2E7D2EE72E6400F921B7 /* Sources */,
				421B2E7E2EE72E6400F921B7 /* Frameworks */,
				421B2E7F2EE72E6400F921B7 /* Resources */,
			);
			buildRules = (
			);
			dependencies = (
				421B2E832EE72E6400F921B7 /* PBXTargetDependency */,
			);
			fileSystemSynchronizedGroups = (
				421B2E842EE72E6400F921B7 /* easyAIUITests */,
			);
			name = easyAIUITests;
			packageProductDependencies = (
			);
			productName = easyAIUITests;
			productReference = 421B2E812EE72E6400F921B7 /* easyAIUITests.xctest */;
			productType = "com.apple.product-type.bundle.ui-testing";
		};
/* End PBXNativeTarget section */

/* Begin PBXProject section */
		421B2E622EE72E6300F921B7 /* Project object */ = {
			isa = PBXProject;
			attributes = {
				BuildIndependentTargetsInParallel = 1;
				LastSwiftUpdateCheck = 2610;
				LastUpgradeCheck = 2610;
				TargetAttributes = {
					421B2E692EE72E6300F921B7 = {
						CreatedOnToolsVersion = 26.1.1;
					};
					421B2E762EE72E6400F921B7 = {
						CreatedOnToolsVersion = 26.1.1;
						TestTargetID = 421B2E692EE72E6300F921B7;
					};
					421B2E802EE72E6400F921B7 = {
						CreatedOnToolsVersion = 26.1.1;
						TestTargetID = 421B2E692EE72E6300F921B7;
					};
				};
			};
			buildConfigurationList = 421B2E652EE72E6300F921B7 /* Build configuration list for PBXProject "easyAI" */;
			developmentRegion = en;
			hasScannedForEncodings = 0;
			knownRegions = (
				en,
				Base,
			);
			mainGroup = 421B2E612EE72E6300F921B7;
			minimizedProjectReferenceProxies = 1;
			packageReferences = (
				4291225B2F237C7400F9062D /* XCRemoteSwiftPackageReference "wcdb" */,
				42D0A9352F289BB900BDAC62 /* XCRemoteSwiftPackageReference "Down" */,
			);
			preferredProjectObjectVersion = 77;
			productRefGroup = 421B2E6B2EE72E6300F921B7 /* Products */;
			projectDirPath = "";
			projectRoot = "";
			targets = (
				421B2E692EE72E6300F921B7 /* easyAI */,
				421B2E762EE72E6400F921B7 /* easyAITests */,
				421B2E802EE72E6400F921B7 /* easyAIUITests */,
			);
		};
/* End PBXProject section */

/* Begin PBXResourcesBuildPhase section */
		421B2E682EE72E6300F921B7 /* Resources */ = {
			isa = PBXResourcesBuildPhase;
			buildActionMask = 2147483647;
			files = (
			);
			runOnlyForDeploymentPostprocessing = 0;
		};
		421B2E752EE72E6400F921B7 /* Resources */ = {
			isa = PBXResourcesBuildPhase;
			buildActionMask = 2147483647;
			files = (
			);
			runOnlyForDeploymentPostprocessing = 0;
		};
		421B2E7F2EE72E6400F921B7 /* Resources */ = {
			isa = PBXResourcesBuildPhase;
			buildActionMask = 2147483647;
			files = (
			);
			runOnlyForDeploymentPostprocessing = 0;
		};
/* End PBXResourcesBuildPhase section */

/* Begin PBXSourcesBuildPhase section */
		421B2E662EE72E6300F921B7 /* Sources */ = {
			isa = PBXSourcesBuildPhase;
			buildActionMask = 2147483647;
			files = (
			);
			runOnlyForDeploymentPostprocessing = 0;
		};
		421B2E732EE72E6400F921B7 /* Sources */ = {
			isa = PBXSourcesBuildPhase;
			buildActionMask = 2147483647;
			files = (
			);
			runOnlyForDeploymentPostprocessing = 0;
		};
		421B2E7D2EE72E6400F921B7 /* Sources */ = {
			isa = PBXSourcesBuildPhase;
			buildActionMask = 2147483647;
			files = (
			);
			runOnlyForDeploymentPostprocessing = 0;
		};
/* End PBXSourcesBuildPhase section */

/* Begin PBXTargetDependency section */
		421B2E792EE72E6400F921B7 /* PBXTargetDependency */ = {
			isa = PBXTargetDependency;
			target = 421B2E692EE72E6300F921B7 /* easyAI */;
			targetProxy = 421B2E782EE72E6400F921B7 /* PBXContainerItemProxy */;
		};
		421B2E832EE72E6400F921B7 /* PBXTargetDependency */ = {
			isa = PBXTargetDependency;
			target = 421B2E692EE72E6300F921B7 /* easyAI */;
			targetProxy = 421B2E822EE72E6400F921B7 /* PBXContainerItemProxy */;
		};
/* End PBXTargetDependency section */

/* Begin XCBuildConfiguration section */
		421B2E892EE72E6400F921B7 /* Debug */ = {
			isa = XCBuildConfiguration;
			buildSettings = {
				ALWAYS_SEARCH_USER_PATHS = NO;
				ASSETCATALOG_COMPILER_GENERATE_SWIFT_ASSET_SYMBOL_EXTENSIONS = YES;
				CLANG_ANALYZER_NONNULL = YES;
				CLANG_ANALYZER_NUMBER_OBJECT_CONVERSION = YES_AGGRESSIVE;
				CLANG_CXX_LANGUAGE_STANDARD = "gnu++20";
				CLANG_ENABLE_MODULES = YES;
				CLANG_ENABLE_OBJC_ARC = YES;
				CLANG_ENABLE_OBJC_WEAK = YES;
				CLANG_WARN_BLOCK_CAPTURE_AUTORELEASING = YES;
				CLANG_WARN_BOOL_CONVERSION = YES;
				CLANG_WARN_COMMA = YES;
				CLANG_WARN_CONSTANT_CONVERSION = YES;
				CLANG_WARN_DEPRECATED_OBJC_IMPLEMENTATIONS = YES;
				CLANG_WARN_DIRECT_OBJC_ISA_USAGE = YES_ERROR;
				CLANG_WARN_DOCUMENTATION_COMMENTS = YES;
				CLANG_WARN_EMPTY_BODY = YES;
				CLANG_WARN_ENUM_CONVERSION = YES;
				CLANG_WARN_INFINITE_RECURSION = YES;
				CLANG_WARN_INT_CONVERSION = YES;
				CLANG_WARN_NON_LITERAL_NULL_CONVERSION = YES;
				CLANG_WARN_OBJC_IMPLICIT_RETAIN_SELF = YES;
				CLANG_WARN_OBJC_LITERAL_CONVERSION = YES;
				CLANG_WARN_OBJC_ROOT_CLASS = YES_ERROR;
				CLANG_WARN_QUOTED_INCLUDE_IN_FRAMEWORK_HEADER = YES;
				CLANG_WARN_RANGE_LOOP_ANALYSIS = YES;
				CLANG_WARN_STRICT_PROTOTYPES = YES;
				CLANG_WARN_SUSPICIOUS_MOVE = YES;
				CLANG_WARN_UNGUARDED_AVAILABILITY = YES_AGGRESSIVE;
				CLANG_WARN_UNREACHABLE_CODE = YES;
				CLANG_WARN__DUPLICATE_METHOD_MATCH = YES;
				COPY_PHASE_STRIP = NO;
				DEBUG_INFORMATION_FORMAT = dwarf;
				DEVELOPMENT_TEAM = 347S4V6SC7;
				ENABLE_STRICT_OBJC_MSGSEND = YES;
				ENABLE_TESTABILITY = YES;
				ENABLE_USER_SCRIPT_SANDBOXING = YES;
				GCC_C_LANGUAGE_STANDARD = gnu17;
				GCC_DYNAMIC_NO_PIC = NO;
				GCC_NO_COMMON_BLOCKS = YES;
				GCC_OPTIMIZATION_LEVEL = 0;
				GCC_PREPROCESSOR_DEFINITIONS = (
					"DEBUG=1",
					"$(inherited)",
				);
				GCC_WARN_64_TO_32_BIT_CONVERSION = YES;
				GCC_WARN_ABOUT_RETURN_TYPE = YES_ERROR;
				GCC_WARN_UNDECLARED_SELECTOR = YES;
				GCC_WARN_UNINITIALIZED_AUTOS = YES_AGGRESSIVE;
				GCC_WARN_UNUSED_FUNCTION = YES;
				GCC_WARN_UNUSED_VARIABLE = YES;
				IPHONEOS_DEPLOYMENT_TARGET = 15.6;
				LOCALIZATION_PREFERS_STRING_CATALOGS = YES;
				MTL_ENABLE_DEBUG_INFO = INCLUDE_SOURCE;
				MTL_FAST_MATH = YES;
				ONLY_ACTIVE_ARCH = YES;
				SDKROOT = iphoneos;
				SWIFT_ACTIVE_COMPILATION_CONDITIONS = "DEBUG $(inherited)";
				SWIFT_OPTIMIZATION_LEVEL = "-Onone";
			};
			name = Debug;
		};
		421B2E8A2EE72E6400F921B7 /* Release */ = {
			isa = XCBuildConfiguration;
			buildSettings = {
				ALWAYS_SEARCH_USER_PATHS = NO;
				ASSETCATALOG_COMPILER_GENERATE_SWIFT_ASSET_SYMBOL_EXTENSIONS = YES;
				CLANG_ANALYZER_NONNULL = YES;
				CLANG_ANALYZER_NUMBER_OBJECT_CONVERSION = YES_AGGRESSIVE;
				CLANG_CXX_LANGUAGE_STANDARD = "gnu++20";
				CLANG_ENABLE_MODULES = YES;
				CLANG_ENABLE_OBJC_ARC = YES;
				CLANG_ENABLE_OBJC_WEAK = YES;
				CLANG_WARN_BLOCK_CAPTURE_AUTORELEASING = YES;
				CLANG_WARN_BOOL_CONVERSION = YES;
				CLANG_WARN_COMMA = YES;
				CLANG_WARN_CONSTANT_CONVERSION = YES;
				CLANG_WARN_DEPRECATED_OBJC_IMPLEMENTATIONS = YES;
				CLANG_WARN_DIRECT_OBJC_ISA_USAGE = YES_ERROR;
				CLANG_WARN_DOCUMENTATION_COMMENTS = YES;
				CLANG_WARN_EMPTY_BODY = YES;
				CLANG_WARN_ENUM_CONVERSION = YES;
				CLANG_WARN_INFINITE_RECURSION = YES;
				CLANG_WARN_INT_CONVERSION = YES;
				CLANG_WARN_NON_LITERAL_NULL_CONVERSION = YES;
				CLANG_WARN_OBJC_IMPLICIT_RETAIN_SELF = YES;
				CLANG_WARN_OBJC_LITERAL_CONVERSION = YES;
				CLANG_WARN_OBJC_ROOT_CLASS = YES_ERROR;
				CLANG_WARN_QUOTED_INCLUDE_IN_FRAMEWORK_HEADER = YES;
				CLANG_WARN_RANGE_LOOP_ANALYSIS = YES;
				CLANG_WARN_STRICT_PROTOTYPES = YES;
				CLANG_WARN_SUSPICIOUS_MOVE = YES;
				CLANG_WARN_UNGUARDED_AVAILABILITY = YES_AGGRESSIVE;
				CLANG_WARN_UNREACHABLE_CODE = YES;
				CLANG_WARN__DUPLICATE_METHOD_MATCH = YES;
				COPY_PHASE_STRIP = NO;
				DEBUG_INFORMATION_FORMAT = "dwarf-with-dsym";
				DEVELOPMENT_TEAM = 347S4V6SC7;
				ENABLE_NS_ASSERTIONS = NO;
				ENABLE_STRICT_OBJC_MSGSEND = YES;
				ENABLE_USER_SCRIPT_SANDBOXING = YES;
				GCC_C_LANGUAGE_STANDARD = gnu17;
				GCC_NO_COMMON_BLOCKS = YES;
				GCC_WARN_64_TO_32_BIT_CONVERSION = YES;
				GCC_WARN_ABOUT_RETURN_TYPE = YES_ERROR;
				GCC_WARN_UNDECLARED_SELECTOR = YES;
				GCC_WARN_UNINITIALIZED_AUTOS = YES_AGGRESSIVE;
				GCC_WARN_UNUSED_FUNCTION = YES;
				GCC_WARN_UNUSED_VARIABLE = YES;
				IPHONEOS_DEPLOYMENT_TARGET = 15.6;
				LOCALIZATION_PREFERS_STRING_CATALOGS = YES;
				MTL_ENABLE_DEBUG_INFO = NO;
				MTL_FAST_MATH = YES;
				SDKROOT = iphoneos;
				SWIFT_COMPILATION_MODE = wholemodule;
				VALIDATE_PRODUCT = YES;
			};
			name = Release;
		};
		421B2E8C2EE72E6400F921B7 /* Debug */ = {
			isa = XCBuildConfiguration;
			buildSettings = {
				ASSETCATALOG_COMPILER_APPICON_NAME = AppIcon;
				ASSETCATALOG_COMPILER_GLOBAL_ACCENT_COLOR_NAME = AccentColor;
				CODE_SIGN_STYLE = Automatic;
				CURRENT_PROJECT_VERSION = 1;
				DEVELOPMENT_TEAM = 347S4V6SC7;
				ENABLE_PREVIEWS = YES;
				GENERATE_INFOPLIST_FILE = YES;
				INFOPLIST_KEY_UIApplicationSceneManifest_Generation = YES;
				INFOPLIST_KEY_UIApplicationSupportsIndirectInputEvents = YES;
				INFOPLIST_KEY_UILaunchScreen_Generation = YES;
				INFOPLIST_KEY_UISupportedInterfaceOrientations_iPad = "UIInterfaceOrientationPortrait UIInterfaceOrientationPortraitUpsideDown UIInterfaceOrientationLandscapeLeft UIInterfaceOrientationLandscapeRight";
				INFOPLIST_KEY_UISupportedInterfaceOrientations_iPhone = "UIInterfaceOrientationPortrait UIInterfaceOrientationLandscapeLeft UIInterfaceOrientationLandscapeRight";
				IPHONEOS_DEPLOYMENT_TARGET = 16.6;
				LD_RUNPATH_SEARCH_PATHS = (
					"$(inherited)",
					"@executable_path/Frameworks",
				);
				MARKETING_VERSION = 1.0;
				PRODUCT_BUNDLE_IDENTIFIER = xxasd.easyAI;
				PRODUCT_NAME = "$(TARGET_NAME)";
				STRING_CATALOG_GENERATE_SYMBOLS = YES;
				SWIFT_APPROACHABLE_CONCURRENCY = YES;
				SWIFT_DEFAULT_ACTOR_ISOLATION = MainActor;
				SWIFT_EMIT_LOC_STRINGS = YES;
				SWIFT_UPCOMING_FEATURE_MEMBER_IMPORT_VISIBILITY = YES;
				SWIFT_VERSION = 5.0;
				TARGETED_DEVICE_FAMILY = "1,2";
			};
			name = Debug;
		};
		421B2E8D2EE72E6400F921B7 /* Release */ = {
			isa = XCBuildConfiguration;
			buildSettings = {
				ASSETCATALOG_COMPILER_APPICON_NAME = AppIcon;
				ASSETCATALOG_COMPILER_GLOBAL_ACCENT_COLOR_NAME = AccentColor;
				CODE_SIGN_STYLE = Automatic;
				CURRENT_PROJECT_VERSION = 1;
				DEVELOPMENT_TEAM = 347S4V6SC7;
				ENABLE_PREVIEWS = YES;
				GENERATE_INFOPLIST_FILE = YES;
				INFOPLIST_KEY_UIApplicationSceneManifest_Generation = YES;
				INFOPLIST_KEY_UIApplicationSupportsIndirectInputEvents = YES;
				INFOPLIST_KEY_UILaunchScreen_Generation = YES;
				INFOPLIST_KEY_UISupportedInterfaceOrientations_iPad = "UIInterfaceOrientationPortrait UIInterfaceOrientationPortraitUpsideDown UIInterfaceOrientationLandscapeLeft UIInterfaceOrientationLandscapeRight";
				INFOPLIST_KEY_UISupportedInterfaceOrientations_iPhone = "UIInterfaceOrientationPortrait UIInterfaceOrientationLandscapeLeft UIInterfaceOrientationLandscapeRight";
				IPHONEOS_DEPLOYMENT_TARGET = 16.6;
				LD_RUNPATH_SEARCH_PATHS = (
					"$(inherited)",
					"@executable_path/Frameworks",
				);
				MARKETING_VERSION = 1.0;
				PRODUCT_BUNDLE_IDENTIFIER = xxasd.easyAI;
				PRODUCT_NAME = "$(TARGET_NAME)";
				STRING_CATALOG_GENERATE_SYMBOLS = YES;
				SWIFT_APPROACHABLE_CONCURRENCY = YES;
				SWIFT_DEFAULT_ACTOR_ISOLATION = MainActor;
				SWIFT_EMIT_LOC_STRINGS = YES;
				SWIFT_UPCOMING_FEATURE_MEMBER_IMPORT_VISIBILITY = YES;
				SWIFT_VERSION = 5.0;
				TARGETED_DEVICE_FAMILY = "1,2";
			};
			name = Release;
		};
		421B2E8F2EE72E6400F921B7 /* Debug */ = {
			isa = XCBuildConfiguration;
			buildSettings = {
				BUNDLE_LOADER = "$(TEST_HOST)";
				CODE_SIGN_STYLE = Automatic;
				CURRENT_PROJECT_VERSION = 1;
				DEVELOPMENT_TEAM = 347S4V6SC7;
				GENERATE_INFOPLIST_FILE = YES;
				IPHONEOS_DEPLOYMENT_TARGET = 15.6;
				MARKETING_VERSION = 1.0;
				PRODUCT_BUNDLE_IDENTIFIER = xxasd.easyAITests;
				PRODUCT_NAME = "$(TARGET_NAME)";
				STRING_CATALOG_GENERATE_SYMBOLS = NO;
				SWIFT_APPROACHABLE_CONCURRENCY = YES;
				SWIFT_EMIT_LOC_STRINGS = NO;
				SWIFT_UPCOMING_FEATURE_MEMBER_IMPORT_VISIBILITY = YES;
				SWIFT_VERSION = 5.0;
				TARGETED_DEVICE_FAMILY = "1,2";
				TEST_HOST = "$(BUILT_PRODUCTS_DIR)/easyAI.app/$(BUNDLE_EXECUTABLE_FOLDER_PATH)/easyAI";
			};
			name = Debug;
		};
		421B2E902EE72E6400F921B7 /* Release */ = {
			isa = XCBuildConfiguration;
			buildSettings = {
				BUNDLE_LOADER = "$(TEST_HOST)";
				CODE_SIGN_STYLE = Automatic;
				CURRENT_PROJECT_VERSION = 1;
				DEVELOPMENT_TEAM = 347S4V6SC7;
				GENERATE_INFOPLIST_FILE = YES;
				IPHONEOS_DEPLOYMENT_TARGET = 15.6;
				MARKETING_VERSION = 1.0;
				PRODUCT_BUNDLE_IDENTIFIER = xxasd.easyAITests;
				PRODUCT_NAME = "$(TARGET_NAME)";
				STRING_CATALOG_GENERATE_SYMBOLS = NO;
				SWIFT_APPROACHABLE_CONCURRENCY = YES;
				SWIFT_EMIT_LOC_STRINGS = NO;
				SWIFT_UPCOMING_FEATURE_MEMBER_IMPORT_VISIBILITY = YES;
				SWIFT_VERSION = 5.0;
				TARGETED_DEVICE_FAMILY = "1,2";
				TEST_HOST = "$(BUILT_PRODUCTS_DIR)/easyAI.app/$(BUNDLE_EXECUTABLE_FOLDER_PATH)/easyAI";
			};
			name = Release;
		};
		421B2E922EE72E6400F921B7 /* Debug */ = {
			isa = XCBuildConfiguration;
			buildSettings = {
				CODE_SIGN_STYLE = Automatic;
				CURRENT_PROJECT_VERSION = 1;
				DEVELOPMENT_TEAM = 347S4V6SC7;
				GENERATE_INFOPLIST_FILE = YES;
				MARKETING_VERSION = 1.0;
				PRODUCT_BUNDLE_IDENTIFIER = xxasd.easyAIUITests;
				PRODUCT_NAME = "$(TARGET_NAME)";
				STRING_CATALOG_GENERATE_SYMBOLS = NO;
				SWIFT_APPROACHABLE_CONCURRENCY = YES;
				SWIFT_EMIT_LOC_STRINGS = NO;
				SWIFT_UPCOMING_FEATURE_MEMBER_IMPORT_VISIBILITY = YES;
				SWIFT_VERSION = 5.0;
				TARGETED_DEVICE_FAMILY = "1,2";
				TEST_TARGET_NAME = easyAI;
			};
			name = Debug;
		};
		421B2E932EE72E6400F921B7 /* Release */ = {
			isa = XCBuildConfiguration;
			buildSettings = {
				CODE_SIGN_STYLE = Automatic;
				CURRENT_PROJECT_VERSION = 1;
				DEVELOPMENT_TEAM = 347S4V6SC7;
				GENERATE_INFOPLIST_FILE = YES;
				MARKETING_VERSION = 1.0;
				PRODUCT_BUNDLE_IDENTIFIER = xxasd.easyAIUITests;
				PRODUCT_NAME = "$(TARGET_NAME)";
				STRING_CATALOG_GENERATE_SYMBOLS = NO;
				SWIFT_APPROACHABLE_CONCURRENCY = YES;
				SWIFT_EMIT_LOC_STRINGS = NO;
				SWIFT_UPCOMING_FEATURE_MEMBER_IMPORT_VISIBILITY = YES;
				SWIFT_VERSION = 5.0;
				TARGETED_DEVICE_FAMILY = "1,2";
				TEST_TARGET_NAME = easyAI;
			};
			name = Release;
		};
/* End XCBuildConfiguration section */

/* Begin XCConfigurationList section */
		421B2E652EE72E6300F921B7 /* Build configuration list for PBXProject "easyAI" */ = {
			isa = XCConfigurationList;
			buildConfigurations = (
				421B2E892EE72E6400F921B7 /* Debug */,
				421B2E8A2EE72E6400F921B7 /* Release */,
			);
			defaultConfigurationIsVisible = 0;
			defaultConfigurationName = Release;
		};
		421B2E8B2EE72E6400F921B7 /* Build configuration list for PBXNativeTarget "easyAI" */ = {
			isa = XCConfigurationList;
			buildConfigurations = (
				421B2E8C2EE72E6400F921B7 /* Debug */,
				421B2E8D2EE72E6400F921B7 /* Release */,
			);
			defaultConfigurationIsVisible = 0;
			defaultConfigurationName = Release;
		};
		421B2E8E2EE72E6400F921B7 /* Build configuration list for PBXNativeTarget "easyAITests" */ = {
			isa = XCConfigurationList;
			buildConfigurations = (
				421B2E8F2EE72E6400F921B7 /* Debug */,
				421B2E902EE72E6400F921B7 /* Release */,
			);
			defaultConfigurationIsVisible = 0;
			defaultConfigurationName = Release;
		};
		421B2E912EE72E6400F921B7 /* Build configuration list for PBXNativeTarget "easyAIUITests" */ = {
			isa = XCConfigurationList;
			buildConfigurations = (
				421B2E922EE72E6400F921B7 /* Debug */,
				421B2E932EE72E6400F921B7 /* Release */,
			);
			defaultConfigurationIsVisible = 0;
			defaultConfigurationName = Release;
		};
/* End XCConfigurationList section */

/* Begin XCRemoteSwiftPackageReference section */
		4291225B2F237C7400F9062D /* XCRemoteSwiftPackageReference "wcdb" */ = {
			isa = XCRemoteSwiftPackageReference;
			repositoryURL = "https://github.com/Tencent/wcdb.git";
			requirement = {
				branch = master;
				kind = branch;
			};
		};
		42D0A9352F289BB900BDAC62 /* XCRemoteSwiftPackageReference "Down" */ = {
			isa = XCRemoteSwiftPackageReference;
			repositoryURL = "https://github.com/johnxnguyen/Down.git";
			requirement = {
				branch = master;
				kind = branch;
			};
		};
/* End XCRemoteSwiftPackageReference section */

/* Begin XCSwiftPackageProductDependency section */
		429122A92F237CEA00F9062D /* WCDBSwift */ = {
			isa = XCSwiftPackageProductDependency;
			package = 4291225B2F237C7400F9062D /* XCRemoteSwiftPackageReference "wcdb" */;
			productName = WCDBSwift;
		};
/* End XCSwiftPackageProductDependency section */
	};
	rootObject = 421B2E622EE72E6300F921B7 /* Project object */;
}
