{
  "originHash" : "990b60bda5368230e7ae8199967ad0167867fa0677ec518c8ab0dc2f350418db",
  "pins" : [
    {
      "identity" : "down",
      "kind" : "remoteSourceControl",
      "location" : "https://github.com/johnxnguyen/Down.git",
      "state" : {
        "branch" : "master",
        "revision" : "e754ab1c80920dd51a8e08290c912ac1c2ac8b58"
      }
    },
    {
      "identity" : "sqlcipher",
      "kind" : "remoteSourceControl",
      "location" : "https://github.com/Tencent/sqlcipher",
      "state" : {
        "revision" : "5d8825c22feedb421ad6f9ecfc1399460e10d299",
        "version" : "1.4.7"
      }
    },
    {
      "identity" : "wcdb",
      "kind" : "remoteSourceControl",
      "location" : "https://github.com/Tencent/wcdb.git",
      "state" : {
        "branch" : "master",
        "revision" : "dc413873f997e8c8e0889d22dbafe5d2b2304965"
      }
    }
  ],
  "version" : 3
}
